
Microsoft Visual Studio Solution File, Format Version 12.00
# Visual Studio Version 17
VisualStudioVersion = 17.7.34031.279
MinimumVisualStudioVersion = 10.0.40219.1
Project("{FAE04EC0-301F-11D3-BF4B-00C04F79EFBC}") = "HeapifyBinaryTree", "HeapifyBinaryTree\HeapifyBinaryTree.csproj", "{01107C1F-3BA8-4F89-B50C-04D1A9F4F7C0}"
EndProject
Project("{FAE04EC0-301F-11D3-BF4B-00C04F79EFBC}") = "App", "App\App.csproj", "{8C84418E-DFCB-4E66-8A3B-3062420B5181}"
EndProject
Global
	GlobalSection(SolutionConfigurationPlatforms) = preSolution
		Debug|Any CPU = Debug|Any CPU
		Release|Any CPU = Release|Any CPU
	EndGlobalSection
	GlobalSection(ProjectConfigurationPlatforms) = postSolution
		{01107C1F-3BA8-4F89-B50C-04D1A9F4F7C0}.Debug|Any CPU.ActiveCfg = Debug|Any CPU
		{01107C1F-3BA8-4F89-B50C-04D1A9F4F7C0}.Debug|Any CPU.Build.0 = Debug|Any CPU
		{01107C1F-3BA8-4F89-B50C-04D1A9F4F7C0}.Release|Any CPU.ActiveCfg = Release|Any CPU
		{01107C1F-3BA8-4F89-B50C-04D1A9F4F7C0}.Release|Any CPU.Build.0 = Release|Any CPU
		{8C84418E-DFCB-4E66-8A3B-3062420B5181}.Debug|Any CPU.ActiveCfg = Debug|Any CPU
		{8C84418E-DFCB-4E66-8A3B-3062420B5181}.Debug|Any CPU.Build.0 = Debug|Any CPU
		{8C84418E-DFCB-4E66-8A3B-3062420B5181}.Release|Any CPU.ActiveCfg = Release|Any CPU
		{8C84418E-DFCB-4E66-8A3B-3062420B5181}.Release|Any CPU.Build.0 = Release|Any CPU
	EndGlobalSection
	GlobalSection(SolutionProperties) = preSolution
		HideSolutionNode = FALSE
	EndGlobalSection
	GlobalSection(ExtensibilityGlobals) = postSolution
		SolutionGuid = {7E435B3F-80BC-4743-AF21-EF7905FB8423}
	EndGlobalSection
EndGlobal
