
Microsoft Visual Studio Solution File, Format Version 12.00
# Visual Studio Version 17
VisualStudioVersion = 17.7.34031.279
MinimumVisualStudioVersion = 10.0.40219.1
Project("{9A19103F-16F7-4668-BE54-9A1E7A4F7556}") = "FSMLib", "TSM\FSMLib.csproj", "{42D8C13E-62A1-44DB-9C5E-DDDD15E5211F}"
EndProject
Project("{9A19103F-16F7-4668-BE54-9A1E7A4F7556}") = "ExavatorApp", "ExavatorApp\ExavatorApp.csproj", "{BAB40D87-1777-474A-A667-0F3C8AE65CC3}"
EndProject
Global
	GlobalSection(SolutionConfigurationPlatforms) = preSolution
		Debug|Any CPU = Debug|Any CPU
		Release|Any CPU = Release|Any CPU
	EndGlobalSection
	GlobalSection(ProjectConfigurationPlatforms) = postSolution
		{42D8C13E-62A1-44DB-9C5E-DDDD15E5211F}.Debug|Any CPU.ActiveCfg = Debug|Any CPU
		{42D8C13E-62A1-44DB-9C5E-DDDD15E5211F}.Debug|Any CPU.Build.0 = Debug|Any CPU
		{42D8C13E-62A1-44DB-9C5E-DDDD15E5211F}.Release|Any CPU.ActiveCfg = Release|Any CPU
		{42D8C13E-62A1-44DB-9C5E-DDDD15E5211F}.Release|Any CPU.Build.0 = Release|Any CPU
		{BAB40D87-1777-474A-A667-0F3C8AE65CC3}.Debug|Any CPU.ActiveCfg = Debug|Any CPU
		{BAB40D87-1777-474A-A667-0F3C8AE65CC3}.Debug|Any CPU.Build.0 = Debug|Any CPU
		{BAB40D87-1777-474A-A667-0F3C8AE65CC3}.Release|Any CPU.ActiveCfg = Release|Any CPU
		{BAB40D87-1777-474A-A667-0F3C8AE65CC3}.Release|Any CPU.Build.0 = Release|Any CPU
	EndGlobalSection
	GlobalSection(SolutionProperties) = preSolution
		HideSolutionNode = FALSE
	EndGlobalSection
	GlobalSection(ExtensibilityGlobals) = postSolution
		SolutionGuid = {F4302679-9F12-4F45-9E51-299AE3728511}
	EndGlobalSection
EndGlobal
