
Microsoft Visual Studio Solution File, Format Version 12.00
# Visual Studio Version 17
VisualStudioVersion = 17.7.34031.279
MinimumVisualStudioVersion = 10.0.40219.1
Project("{FAE04EC0-301F-11D3-BF4B-00C04F79EFBC}") = "App", "App\App.csproj", "{5EBF891E-5E83-41AD-BE4E-6B9032B7C2C7}"
EndProject
Global
	GlobalSection(SolutionConfigurationPlatforms) = preSolution
		Debug|Any CPU = Debug|Any CPU
		Release|Any CPU = Release|Any CPU
	EndGlobalSection
	GlobalSection(ProjectConfigurationPlatforms) = postSolution
		{5EBF891E-5E83-41AD-BE4E-6B9032B7C2C7}.Debug|Any CPU.ActiveCfg = Debug|Any CPU
		{5EBF891E-5E83-41AD-BE4E-6B9032B7C2C7}.Debug|Any CPU.Build.0 = Debug|Any CPU
		{5EBF891E-5E83-41AD-BE4E-6B9032B7C2C7}.Release|Any CPU.ActiveCfg = Release|Any CPU
		{5EBF891E-5E83-41AD-BE4E-6B9032B7C2C7}.Release|Any CPU.Build.0 = Release|Any CPU
	EndGlobalSection
	GlobalSection(SolutionProperties) = preSolution
		HideSolutionNode = FALSE
	EndGlobalSection
	GlobalSection(ExtensibilityGlobals) = postSolution
		SolutionGuid = {E940EC5E-25C4-4E12-BF9F-8669F7D3030D}
	EndGlobalSection
EndGlobal
