
Microsoft Visual Studio Solution File, Format Version 12.00
# Visual Studio Version 17
VisualStudioVersion = 17.7.34031.279
MinimumVisualStudioVersion = 10.0.40219.1
Project("{FAE04EC0-301F-11D3-BF4B-00C04F79EFBC}") = "WindowsFormsApp", "WindowsFormsApp\WindowsFormsApp.csproj", "{19513A1B-6C4A-469C-87E4-0D75922F3F54}"
EndProject
Global
	GlobalSection(SolutionConfigurationPlatforms) = preSolution
		Debug|Any CPU = Debug|Any CPU
		Release|Any CPU = Release|Any CPU
	EndGlobalSection
	GlobalSection(ProjectConfigurationPlatforms) = postSolution
		{19513A1B-6C4A-469C-87E4-0D75922F3F54}.Debug|Any CPU.ActiveCfg = Debug|Any CPU
		{19513A1B-6C4A-469C-87E4-0D75922F3F54}.Debug|Any CPU.Build.0 = Debug|Any CPU
		{19513A1B-6C4A-469C-87E4-0D75922F3F54}.Release|Any CPU.ActiveCfg = Release|Any CPU
		{19513A1B-6C4A-469C-87E4-0D75922F3F54}.Release|Any CPU.Build.0 = Release|Any CPU
	EndGlobalSection
	GlobalSection(SolutionProperties) = preSolution
		HideSolutionNode = FALSE
	EndGlobalSection
	GlobalSection(ExtensibilityGlobals) = postSolution
		SolutionGuid = {2EA27DC4-E3FD-42FE-91E9-271BFCACE418}
	EndGlobalSection
EndGlobal
